
Microsoft Visual Studio Solution File, Format Version 12.00
# Visual Studio Version 17
VisualStudioVersion = 17.12.35521.163 d17.12
MinimumVisualStudioVersion = 10.0.40219.1
Project("{FAE04EC0-301F-11D3-BF4B-00C04F79EFBC}") = "Crushy", "Crushy\Crushy.csproj", "{7D3A370A-2A73-402C-A368-C5D2909365A2}"
EndProject
Global
	GlobalSection(SolutionConfigurationPlatforms) = preSolution
		Debug|Any CPU = Debug|Any CPU
		Release|Any CPU = Release|Any CPU
	EndGlobalSection
	GlobalSection(ProjectConfigurationPlatforms) = postSolution
		{7D3A370A-2A73-402C-A368-C5D2909365A2}.Debug|Any CPU.ActiveCfg = Debug|Any CPU
		{7D3A370A-2A73-402C-A368-C5D2909365A2}.Debug|Any CPU.Build.0 = Debug|Any CPU
		{7D3A370A-2A73-402C-A368-C5D2909365A2}.Release|Any CPU.ActiveCfg = Release|Any CPU
		{7D3A370A-2A73-402C-A368-C5D2909365A2}.Release|Any CPU.Build.0 = Release|Any CPU
	EndGlobalSection
	GlobalSection(SolutionProperties) = preSolution
		HideSolutionNode = FALSE
	EndGlobalSection
EndGlobal
